
Microsoft Visual Studio Solution File, Format Version 12.00
# Visual Studio Version 17
VisualStudioVersion = 17.2.32602.215
MinimumVisualStudioVersion = 10.0.40219.1
Project("{FAE04EC0-301F-11D3-BF4B-00C04F79EFBC}") = "AppCinema", "AppCinema\AppCinema.csproj", "{46BE74F6-9605-4E64-8A62-1C36F4D3B241}"
EndProject
Global
	GlobalSection(SolutionConfigurationPlatforms) = preSolution
		Debug|Any CPU = Debug|Any CPU
		Release|Any CPU = Release|Any CPU
	EndGlobalSection
	GlobalSection(ProjectConfigurationPlatforms) = postSolution
		{46BE74F6-9605-4E64-8A62-1C36F4D3B241}.Debug|Any CPU.ActiveCfg = Debug|Any CPU
		{46BE74F6-9605-4E64-8A62-1C36F4D3B241}.Debug|Any CPU.Build.0 = Debug|Any CPU
		{46BE74F6-9605-4E64-8A62-1C36F4D3B241}.Release|Any CPU.ActiveCfg = Release|Any CPU
		{46BE74F6-9605-4E64-8A62-1C36F4D3B241}.Release|Any CPU.Build.0 = Release|Any CPU
	EndGlobalSection
	GlobalSection(SolutionProperties) = preSolution
		HideSolutionNode = FALSE
	EndGlobalSection
	GlobalSection(ExtensibilityGlobals) = postSolution
		SolutionGuid = {1A32138C-9AA0-47F0-907B-FDDBEB3F109B}
	EndGlobalSection
EndGlobal
